
Microsoft Visual Studio Solution File, Format Version 12.00
# Visual Studio Version 16
VisualStudioVersion = 16.0.30413.136
MinimumVisualStudioVersion = 10.0.40219.1
Project("{FAE04EC0-301F-11D3-BF4B-00C04F79EFBC}") = "test2", "test2.csproj", "{0DFE6AE2-5CF1-4CE6-9673-1AFB6D4FA0FC}"
EndProject
Global
	GlobalSection(SolutionConfigurationPlatforms) = preSolution
		Debug|Any CPU = Debug|Any CPU
		Release|Any CPU = Release|Any CPU
	EndGlobalSection
	GlobalSection(ProjectConfigurationPlatforms) = postSolution
		{0DFE6AE2-5CF1-4CE6-9673-1AFB6D4FA0FC}.Debug|Any CPU.ActiveCfg = Debug|Any CPU
		{0DFE6AE2-5CF1-4CE6-9673-1AFB6D4FA0FC}.Debug|Any CPU.Build.0 = Debug|Any CPU
		{0DFE6AE2-5CF1-4CE6-9673-1AFB6D4FA0FC}.Release|Any CPU.ActiveCfg = Release|Any CPU
		{0DFE6AE2-5CF1-4CE6-9673-1AFB6D4FA0FC}.Release|Any CPU.Build.0 = Release|Any CPU
	EndGlobalSection
	GlobalSection(SolutionProperties) = preSolution
		HideSolutionNode = FALSE
	EndGlobalSection
	GlobalSection(ExtensibilityGlobals) = postSolution
		SolutionGuid = {2315CCCB-FB01-4A2E-9240-EDF2AEF34A12}
	EndGlobalSection
EndGlobal
